// !$*UTF8*$!
{
	archiveVersion = 1;
	classes = {
	};
	objectVersion = 77;
	objects = {

/* Begin PBXContainerItemProxy section */
		4B133EFE2D7B14F500DB8FBB /* PBXContainerItemProxy */ = {
			isa = PBXContainerItemProxy;
			containerPortal = 4B133EE32D7B14F200DB8FBB /* Project object */;
			proxyType = 1;
			remoteGlobalIDString = 4B133EEA2D7B14F200DB8FBB;
			remoteInfo = AppTrackerHabits;
		};
		4B133F082D7B14F500DB8FBB /* PBXContainerItemProxy */ = {
			isa = PBXContainerItemProxy;
			containerPortal = 4B133EE32D7B14F200DB8FBB /* Project object */;
			proxyType = 1;
			remoteGlobalIDString = 4B133EEA2D7B14F200DB8FBB;
			remoteInfo = AppTrackerHabits;
		};
/* End PBXContainerItemProxy section */

/* Begin PBXFileReference section */
		4B133EEB2D7B14F200DB8FBB /* AppTrackerHabits.app */ = {isa = PBXFileReference; explicitFileType = wrapper.application; includeInIndex = 0; path = AppTrackerHabits.app; sourceTree = BUILT_PRODUCTS_DIR; };
		4B133EFD2D7B14F500DB8FBB /* AppTrackerHabitsTests.xctest */ = {isa = PBXFileReference; explicitFileType = wrapper.cfbundle; includeInIndex = 0; path = AppTrackerHabitsTests.xctest; sourceTree = BUILT_PRODUCTS_DIR; };
		4B133F072D7B14F500DB8FBB /* AppTrackerHabitsUITests.xctest */ = {isa = PBXFileReference; explicitFileType = wrapper.cfbundle; includeInIndex = 0; path = AppTrackerHabitsUITests.xctest; sourceTree = BUILT_PRODUCTS_DIR; };
/* End PBXFileReference section */

/* Begin PBXFileSystemSynchronizedRootGroup section */
		4B133EED2D7B14F200DB8FBB /* AppTrackerHabits */ = {
			isa = PBXFileSystemSynchronizedRootGroup;
			path = AppTrackerHabits;
			sourceTree = "<group>";
		};
		4B133F002D7B14F500DB8FBB /* AppTrackerHabitsTests */ = {
			isa = PBXFileSystemSynchronizedRootGroup;
			path = AppTrackerHabitsTests;
			sourceTree = "<group>";
		};
		4B133F0A2D7B14F500DB8FBB /* AppTrackerHabitsUITests */ = {
			isa = PBXFileSystemSynchronizedRootGroup;
			path = AppTrackerHabitsUITests;
			sourceTree = "<group>";
		};
/* End PBXFileSystemSynchronizedRootGroup section */

/* Begin PBXFrameworksBuildPhase section */
		4B133EE82D7B14F200DB8FBB /* Frameworks */ = {
			isa = PBXFrameworksBuildPhase;
			buildActionMask = 2147483647;
			files = (
			);
			runOnlyForDeploymentPostprocessing = 0;
		};
		4B133EFA2D7B14F500DB8FBB /* Frameworks */ = {
			isa = PBXFrameworksBuildPhase;
			buildActionMask = 2147483647;
			files = (
			);
			runOnlyForDeploymentPostprocessing = 0;
		};
		4B133F042D7B14F500DB8FBB /* Frameworks */ = {
			isa = PBXFrameworksBuildPhase;
			buildActionMask = 2147483647;
			files = (
			);
			runOnlyForDeploymentPostprocessing = 0;
		};
/* End PBXFrameworksBuildPhase section */

/* Begin PBXGroup section */
		4B133EE22D7B14F200DB8FBB = {
			isa = PBXGroup;
			children = (
				4B133EED2D7B14F200DB8FBB /* AppTrackerHabits */,
				4B133F002D7B14F500DB8FBB /* AppTrackerHabitsTests */,
				4B133F0A2D7B14F500DB8FBB /* AppTrackerHabitsUITests */,
				4B133EEC2D7B14F200DB8FBB /* Products */,
			);
			sourceTree = "<group>";
		};
		4B133EEC2D7B14F200DB8FBB /* Products */ = {
			isa = PBXGroup;
			children = (
				4B133EEB2D7B14F200DB8FBB /* AppTrackerHabits.app */,
				4B133EFD2D7B14F500DB8FBB /* AppTrackerHabitsTests.xctest */,
				4B133F072D7B14F500DB8FBB /* AppTrackerHabitsUITests.xctest */,
			);
			name = Products;
			sourceTree = "<group>";
		};
/* End PBXGroup section */

/* Begin PBXNativeTarget section */
		4B133EEA2D7B14F200DB8FBB /* AppTrackerHabits */ = {
			isa = PBXNativeTarget;
			buildConfigurationList = 4B133F112D7B14F500DB8FBB /* Build configuration list for PBXNativeTarget "AppTrackerHabits" */;
			buildPhases = (
				4B133EE72D7B14F200DB8FBB /* Sources */,
				4B133EE82D7B14F200DB8FBB /* Frameworks */,
				4B133EE92D7B14F200DB8FBB /* Resources */,
			);
			buildRules = (
			);
			dependencies = (
			);
			fileSystemSynchronizedGroups = (
				4B133EED2D7B14F200DB8FBB /* AppTrackerHabits */,
			);
			name = AppTrackerHabits;
			packageProductDependencies = (
			);
			productName = AppTrackerHabits;
			productReference = 4B133EEB2D7B14F200DB8FBB /* AppTrackerHabits.app */;
			productType = "com.apple.product-type.application";
		};
		4B133EFC2D7B14F500DB8FBB /* AppTrackerHabitsTests */ = {
			isa = PBXNativeTarget;
			buildConfigurationList = 4B133F142D7B14F500DB8FBB /* Build configuration list for PBXNativeTarget "AppTrackerHabitsTests" */;
			buildPhases = (
				4B133EF92D7B14F500DB8FBB /* Sources */,
				4B133EFA2D7B14F500DB8FBB /* Frameworks */,
				4B133EFB2D7B14F500DB8FBB /* Resources */,
			);
			buildRules = (
			);
			dependencies = (
				4B133EFF2D7B14F500DB8FBB /* PBXTargetDependency */,
			);
			fileSystemSynchronizedGroups = (
				4B133F002D7B14F500DB8FBB /* AppTrackerHabitsTests */,
			);
			name = AppTrackerHabitsTests;
			packageProductDependencies = (
			);
			productName = AppTrackerHabitsTests;
			productReference = 4B133EFD2D7B14F500DB8FBB /* AppTrackerHabitsTests.xctest */;
			productType = "com.apple.product-type.bundle.unit-test";
		};
		4B133F062D7B14F500DB8FBB /* AppTrackerHabitsUITests */ = {
			isa = PBXNativeTarget;
			buildConfigurationList = 4B133F172D7B14F500DB8FBB /* Build configuration list for PBXNativeTarget "AppTrackerHabitsUITests" */;
			buildPhases = (
				4B133F032D7B14F500DB8FBB /* Sources */,
				4B133F042D7B14F500DB8FBB /* Frameworks */,
				4B133F052D7B14F500DB8FBB /* Resources */,
			);
			buildRules = (
			);
			dependencies = (
				4B133F092D7B14F500DB8FBB /* PBXTargetDependency */,
			);
			fileSystemSynchronizedGroups = (
				4B133F0A2D7B14F500DB8FBB /* AppTrackerHabitsUITests */,
			);
			name = AppTrackerHabitsUITests;
			packageProductDependencies = (
			);
			productName = AppTrackerHabitsUITests;
			productReference = 4B133F072D7B14F500DB8FBB /* AppTrackerHabitsUITests.xctest */;
			productType = "com.apple.product-type.bundle.ui-testing";
		};
/* End PBXNativeTarget section */

/* Begin PBXProject section */
		4B133EE32D7B14F200DB8FBB /* Project object */ = {
			isa = PBXProject;
			attributes = {
				BuildIndependentTargetsInParallel = 1;
				LastSwiftUpdateCheck = 1620;
				LastUpgradeCheck = 1620;
				TargetAttributes = {
					4B133EEA2D7B14F200DB8FBB = {
						CreatedOnToolsVersion = 16.2;
					};
					4B133EFC2D7B14F500DB8FBB = {
						CreatedOnToolsVersion = 16.2;
						TestTargetID = 4B133EEA2D7B14F200DB8FBB;
					};
					4B133F062D7B14F500DB8FBB = {
						CreatedOnToolsVersion = 16.2;
						TestTargetID = 4B133EEA2D7B14F200DB8FBB;
					};
				};
			};
			buildConfigurationList = 4B133EE62D7B14F200DB8FBB /* Build configuration list for PBXProject "AppTrackerHabits" */;
			developmentRegion = en;
			hasScannedForEncodings = 0;
			knownRegions = (
				en,
				Base,
			);
			mainGroup = 4B133EE22D7B14F200DB8FBB;
			minimizedProjectReferenceProxies = 1;
			preferredProjectObjectVersion = 77;
			productRefGroup = 4B133EEC2D7B14F200DB8FBB /* Products */;
			projectDirPath = "";
			projectRoot = "";
			targets = (
				4B133EEA2D7B14F200DB8FBB /* AppTrackerHabits */,
				4B133EFC2D7B14F500DB8FBB /* AppTrackerHabitsTests */,
				4B133F062D7B14F500DB8FBB /* AppTrackerHabitsUITests */,
			);
		};
/* End PBXProject section */

/* Begin PBXResourcesBuildPhase section */
		4B133EE92D7B14F200DB8FBB /* Resources */ = {
			isa = PBXResourcesBuildPhase;
			buildActionMask = 2147483647;
			files = (
			);
			runOnlyForDeploymentPostprocessing = 0;
		};
		4B133EFB2D7B14F500DB8FBB /* Resources */ = {
			isa = PBXResourcesBuildPhase;
			buildActionMask = 2147483647;
			files = (
			);
			runOnlyForDeploymentPostprocessing = 0;
		};
		4B133F052D7B14F500DB8FBB /* Resources */ = {
			isa = PBXResourcesBuildPhase;
			buildActionMask = 2147483647;
			files = (
			);
			runOnlyForDeploymentPostprocessing = 0;
		};
/* End PBXResourcesBuildPhase section */

/* Begin PBXSourcesBuildPhase section */
		4B133EE72D7B14F200DB8FBB /* Sources */ = {
			isa = PBXSourcesBuildPhase;
			buildActionMask = 2147483647;
			files = (
			);
			runOnlyForDeploymentPostprocessing = 0;
		};
		4B133EF92D7B14F500DB8FBB /* Sources */ = {
			isa = PBXSourcesBuildPhase;
			buildActionMask = 2147483647;
			files = (
			);
			runOnlyForDeploymentPostprocessing = 0;
		};
		4B133F032D7B14F500DB8FBB /* Sources */ = {
			isa = PBXSourcesBuildPhase;
			buildActionMask = 2147483647;
			files = (
			);
			runOnlyForDeploymentPostprocessing = 0;
		};
/* End PBXSourcesBuildPhase section */

/* Begin PBXTargetDependency section */
		4B133EFF2D7B14F500DB8FBB /* PBXTargetDependency */ = {
			isa = PBXTargetDependency;
			target = 4B133EEA2D7B14F200DB8FBB /* AppTrackerHabits */;
			targetProxy = 4B133EFE2D7B14F500DB8FBB /* PBXContainerItemProxy */;
		};
		4B133F092D7B14F500DB8FBB /* PBXTargetDependency */ = {
			isa = PBXTargetDependency;
			target = 4B133EEA2D7B14F200DB8FBB /* AppTrackerHabits */;
			targetProxy = 4B133F082D7B14F500DB8FBB /* PBXContainerItemProxy */;
		};
/* End PBXTargetDependency section */

/* Begin XCBuildConfiguration section */
		4B133F0F2D7B14F500DB8FBB /* Debug */ = {
			isa = XCBuildConfiguration;
			buildSettings = {
				ALWAYS_SEARCH_USER_PATHS = NO;
				ASSETCATALOG_COMPILER_GENERATE_SWIFT_ASSET_SYMBOL_EXTENSIONS = YES;
				CLANG_ANALYZER_NONNULL = YES;
				CLANG_ANALYZER_NUMBER_OBJECT_CONVERSION = YES_AGGRESSIVE;
				CLANG_CXX_LANGUAGE_STANDARD = "gnu++20";
				CLANG_ENABLE_MODULES = YES;
				CLANG_ENABLE_OBJC_ARC = YES;
				CLANG_ENABLE_OBJC_WEAK = YES;
				CLANG_WARN_BLOCK_CAPTURE_AUTORELEASING = YES;
				CLANG_WARN_BOOL_CONVERSION = YES;
				CLANG_WARN_COMMA = YES;
				CLANG_WARN_CONSTANT_CONVERSION = YES;
				CLANG_WARN_DEPRECATED_OBJC_IMPLEMENTATIONS = YES;
				CLANG_WARN_DIRECT_OBJC_ISA_USAGE = YES_ERROR;
				CLANG_WARN_DOCUMENTATION_COMMENTS = YES;
				CLANG_WARN_EMPTY_BODY = YES;
				CLANG_WARN_ENUM_CONVERSION = YES;
				CLANG_WARN_INFINITE_RECURSION = YES;
				CLANG_WARN_INT_CONVERSION = YES;
				CLANG_WARN_NON_LITERAL_NULL_CONVERSION = YES;
				CLANG_WARN_OBJC_IMPLICIT_RETAIN_SELF = YES;
				CLANG_WARN_OBJC_LITERAL_CONVERSION = YES;
				CLANG_WARN_OBJC_ROOT_CLASS = YES_ERROR;
				CLANG_WARN_QUOTED_INCLUDE_IN_FRAMEWORK_HEADER = YES;
				CLANG_WARN_RANGE_LOOP_ANALYSIS = YES;
				CLANG_WARN_STRICT_PROTOTYPES = YES;
				CLANG_WARN_SUSPICIOUS_MOVE = YES;
				CLANG_WARN_UNGUARDED_AVAILABILITY = YES_AGGRESSIVE;
				CLANG_WARN_UNREACHABLE_CODE = YES;
				CLANG_WARN__DUPLICATE_METHOD_MATCH = YES;
				COPY_PHASE_STRIP = NO;
				DEBUG_INFORMATION_FORMAT = dwarf;
				ENABLE_STRICT_OBJC_MSGSEND = YES;
				ENABLE_TESTABILITY = YES;
				ENABLE_USER_SCRIPT_SANDBOXING = YES;
				GCC_C_LANGUAGE_STANDARD = gnu17;
				GCC_DYNAMIC_NO_PIC = NO;
				GCC_NO_COMMON_BLOCKS = YES;
				GCC_OPTIMIZATION_LEVEL = 0;
				GCC_PREPROCESSOR_DEFINITIONS = (
					"DEBUG=1",
					"$(inherited)",
				);
				GCC_WARN_64_TO_32_BIT_CONVERSION = YES;
				GCC_WARN_ABOUT_RETURN_TYPE = YES_ERROR;
				GCC_WARN_UNDECLARED_SELECTOR = YES;
				GCC_WARN_UNINITIALIZED_AUTOS = YES_AGGRESSIVE;
				GCC_WARN_UNUSED_FUNCTION = YES;
				GCC_WARN_UNUSED_VARIABLE = YES;
				IPHONEOS_DEPLOYMENT_TARGET = 18.2;
				LOCALIZATION_PREFERS_STRING_CATALOGS = YES;
				MTL_ENABLE_DEBUG_INFO = INCLUDE_SOURCE;
				MTL_FAST_MATH = YES;
				ONLY_ACTIVE_ARCH = YES;
				SDKROOT = iphoneos;
				SWIFT_ACTIVE_COMPILATION_CONDITIONS = "DEBUG $(inherited)";
				SWIFT_OPTIMIZATION_LEVEL = "-Onone";
			};
			name = Debug;
		};
		4B133F102D7B14F500DB8FBB /* Release */ = {
			isa = XCBuildConfiguration;
			buildSettings = {
				ALWAYS_SEARCH_USER_PATHS = NO;
				ASSETCATALOG_COMPILER_GENERATE_SWIFT_ASSET_SYMBOL_EXTENSIONS = YES;
				CLANG_ANALYZER_NONNULL = YES;
				CLANG_ANALYZER_NUMBER_OBJECT_CONVERSION = YES_AGGRESSIVE;
				CLANG_CXX_LANGUAGE_STANDARD = "gnu++20";
				CLANG_ENABLE_MODULES = YES;
				CLANG_ENABLE_OBJC_ARC = YES;
				CLANG_ENABLE_OBJC_WEAK = YES;
				CLANG_WARN_BLOCK_CAPTURE_AUTORELEASING = YES;
				CLANG_WARN_BOOL_CONVERSION = YES;
				CLANG_WARN_COMMA = YES;
				CLANG_WARN_CONSTANT_CONVERSION = YES;
				CLANG_WARN_DEPRECATED_OBJC_IMPLEMENTATIONS = YES;
				CLANG_WARN_DIRECT_OBJC_ISA_USAGE = YES_ERROR;
				CLANG_WARN_DOCUMENTATION_COMMENTS = YES;
				CLANG_WARN_EMPTY_BODY = YES;
				CLANG_WARN_ENUM_CONVERSION = YES;
				CLANG_WARN_INFINITE_RECURSION = YES;
				CLANG_WARN_INT_CONVERSION = YES;
				CLANG_WARN_NON_LITERAL_NULL_CONVERSION = YES;
				CLANG_WARN_OBJC_IMPLICIT_RETAIN_SELF = YES;
				CLANG_WARN_OBJC_LITERAL_CONVERSION = YES;
				CLANG_WARN_OBJC_ROOT_CLASS = YES_ERROR;
				CLANG_WARN_QUOTED_INCLUDE_IN_FRAMEWORK_HEADER = YES;
				CLANG_WARN_RANGE_LOOP_ANALYSIS = YES;
				CLANG_WARN_STRICT_PROTOTYPES = YES;
				CLANG_WARN_SUSPICIOUS_MOVE = YES;
				CLANG_WARN_UNGUARDED_AVAILABILITY = YES_AGGRESSIVE;
				CLANG_WARN_UNREACHABLE_CODE = YES;
				CLANG_WARN__DUPLICATE_METHOD_MATCH = YES;
				COPY_PHASE_STRIP = NO;
				DEBUG_INFORMATION_FORMAT = "dwarf-with-dsym";
				ENABLE_NS_ASSERTIONS = NO;
				ENABLE_STRICT_OBJC_MSGSEND = YES;
				ENABLE_USER_SCRIPT_SANDBOXING = YES;
				GCC_C_LANGUAGE_STANDARD = gnu17;
				GCC_NO_COMMON_BLOCKS = YES;
				GCC_WARN_64_TO_32_BIT_CONVERSION = YES;
				GCC_WARN_ABOUT_RETURN_TYPE = YES_ERROR;
				GCC_WARN_UNDECLARED_SELECTOR = YES;
				GCC_WARN_UNINITIALIZED_AUTOS = YES_AGGRESSIVE;
				GCC_WARN_UNUSED_FUNCTION = YES;
				GCC_WARN_UNUSED_VARIABLE = YES;
				IPHONEOS_DEPLOYMENT_TARGET = 18.2;
				LOCALIZATION_PREFERS_STRING_CATALOGS = YES;
				MTL_ENABLE_DEBUG_INFO = NO;
				MTL_FAST_MATH = YES;
				SDKROOT = iphoneos;
				SWIFT_COMPILATION_MODE = wholemodule;
				VALIDATE_PRODUCT = YES;
			};
			name = Release;
		};
		4B133F122D7B14F500DB8FBB /* Debug */ = {
			isa = XCBuildConfiguration;
			buildSettings = {
				ASSETCATALOG_COMPILER_APPICON_NAME = AppIcon;
				ASSETCATALOG_COMPILER_GLOBAL_ACCENT_COLOR_NAME = AccentColor;
				CODE_SIGN_STYLE = Automatic;
				CURRENT_PROJECT_VERSION = 1;
				DEVELOPMENT_ASSET_PATHS = "\"AppTrackerHabits/Preview Content\"";
				ENABLE_PREVIEWS = YES;
				GENERATE_INFOPLIST_FILE = YES;
				INFOPLIST_KEY_UIApplicationSceneManifest_Generation = YES;
				INFOPLIST_KEY_UIApplicationSupportsIndirectInputEvents = YES;
				INFOPLIST_KEY_UILaunchScreen_Generation = YES;
				INFOPLIST_KEY_UISupportedInterfaceOrientations_iPad = "UIInterfaceOrientationPortrait UIInterfaceOrientationPortraitUpsideDown UIInterfaceOrientationLandscapeLeft UIInterfaceOrientationLandscapeRight";
				INFOPLIST_KEY_UISupportedInterfaceOrientations_iPhone = "UIInterfaceOrientationPortrait UIInterfaceOrientationLandscapeLeft UIInterfaceOrientationLandscapeRight";
				LD_RUNPATH_SEARCH_PATHS = (
					"$(inherited)",
					"@executable_path/Frameworks",
				);
				MARKETING_VERSION = 1.0;
				PRODUCT_BUNDLE_IDENTIFIER = tsu.AppTrackerHabits;
				PRODUCT_NAME = "$(TARGET_NAME)";
				SWIFT_EMIT_LOC_STRINGS = YES;
				SWIFT_VERSION = 5.0;
				TARGETED_DEVICE_FAMILY = "1,2";
			};
			name = Debug;
		};
		4B133F132D7B14F500DB8FBB /* Release */ = {
			isa = XCBuildConfiguration;
			buildSettings = {
				ASSETCATALOG_COMPILER_APPICON_NAME = AppIcon;
				ASSETCATALOG_COMPILER_GLOBAL_ACCENT_COLOR_NAME = AccentColor;
				CODE_SIGN_STYLE = Automatic;
				CURRENT_PROJECT_VERSION = 1;
				DEVELOPMENT_ASSET_PATHS = "\"AppTrackerHabits/Preview Content\"";
				ENABLE_PREVIEWS = YES;
				GENERATE_INFOPLIST_FILE = YES;
				INFOPLIST_KEY_UIApplicationSceneManifest_Generation = YES;
				INFOPLIST_KEY_UIApplicationSupportsIndirectInputEvents = YES;
				INFOPLIST_KEY_UILaunchScreen_Generation = YES;
				INFOPLIST_KEY_UISupportedInterfaceOrientations_iPad = "UIInterfaceOrientationPortrait UIInterfaceOrientationPortraitUpsideDown UIInterfaceOrientationLandscapeLeft UIInterfaceOrientationLandscapeRight";
				INFOPLIST_KEY_UISupportedInterfaceOrientations_iPhone = "UIInterfaceOrientationPortrait UIInterfaceOrientationLandscapeLeft UIInterfaceOrientationLandscapeRight";
				LD_RUNPATH_SEARCH_PATHS = (
					"$(inherited)",
					"@executable_path/Frameworks",
				);
				MARKETING_VERSION = 1.0;
				PRODUCT_BUNDLE_IDENTIFIER = tsu.AppTrackerHabits;
				PRODUCT_NAME = "$(TARGET_NAME)";
				SWIFT_EMIT_LOC_STRINGS = YES;
				SWIFT_VERSION = 5.0;
				TARGETED_DEVICE_FAMILY = "1,2";
			};
			name = Release;
		};
		4B133F152D7B14F500DB8FBB /* Debug */ = {
			isa = XCBuildConfiguration;
			buildSettings = {
				BUNDLE_LOADER = "$(TEST_HOST)";
				CODE_SIGN_STYLE = Automatic;
				CURRENT_PROJECT_VERSION = 1;
				GENERATE_INFOPLIST_FILE = YES;
				IPHONEOS_DEPLOYMENT_TARGET = 18.2;
				MARKETING_VERSION = 1.0;
				PRODUCT_BUNDLE_IDENTIFIER = tsu.AppTrackerHabitsTests;
				PRODUCT_NAME = "$(TARGET_NAME)";
				SWIFT_EMIT_LOC_STRINGS = NO;
				SWIFT_VERSION = 5.0;
				TARGETED_DEVICE_FAMILY = "1,2";
				TEST_HOST = "$(BUILT_PRODUCTS_DIR)/AppTrackerHabits.app/$(BUNDLE_EXECUTABLE_FOLDER_PATH)/AppTrackerHabits";
			};
			name = Debug;
		};
		4B133F162D7B14F500DB8FBB /* Release */ = {
			isa = XCBuildConfiguration;
			buildSettings = {
				BUNDLE_LOADER = "$(TEST_HOST)";
				CODE_SIGN_STYLE = Automatic;
				CURRENT_PROJECT_VERSION = 1;
				GENERATE_INFOPLIST_FILE = YES;
				IPHONEOS_DEPLOYMENT_TARGET = 18.2;
				MARKETING_VERSION = 1.0;
				PRODUCT_BUNDLE_IDENTIFIER = tsu.AppTrackerHabitsTests;
				PRODUCT_NAME = "$(TARGET_NAME)";
				SWIFT_EMIT_LOC_STRINGS = NO;
				SWIFT_VERSION = 5.0;
				TARGETED_DEVICE_FAMILY = "1,2";
				TEST_HOST = "$(BUILT_PRODUCTS_DIR)/AppTrackerHabits.app/$(BUNDLE_EXECUTABLE_FOLDER_PATH)/AppTrackerHabits";
			};
			name = Release;
		};
		4B133F182D7B14F500DB8FBB /* Debug */ = {
			isa = XCBuildConfiguration;
			buildSettings = {
				CODE_SIGN_STYLE = Automatic;
				CURRENT_PROJECT_VERSION = 1;
				GENERATE_INFOPLIST_FILE = YES;
				MARKETING_VERSION = 1.0;
				PRODUCT_BUNDLE_IDENTIFIER = tsu.AppTrackerHabitsUITests;
				PRODUCT_NAME = "$(TARGET_NAME)";
				SWIFT_EMIT_LOC_STRINGS = NO;
				SWIFT_VERSION = 5.0;
				TARGETED_DEVICE_FAMILY = "1,2";
				TEST_TARGET_NAME = AppTrackerHabits;
			};
			name = Debug;
		};
		4B133F192D7B14F500DB8FBB /* Release */ = {
			isa = XCBuildConfiguration;
			buildSettings = {
				CODE_SIGN_STYLE = Automatic;
				CURRENT_PROJECT_VERSION = 1;
				GENERATE_INFOPLIST_FILE = YES;
				MARKETING_VERSION = 1.0;
				PRODUCT_BUNDLE_IDENTIFIER = tsu.AppTrackerHabitsUITests;
				PRODUCT_NAME = "$(TARGET_NAME)";
				SWIFT_EMIT_LOC_STRINGS = NO;
				SWIFT_VERSION = 5.0;
				TARGETED_DEVICE_FAMILY = "1,2";
				TEST_TARGET_NAME = AppTrackerHabits;
			};
			name = Release;
		};
/* End XCBuildConfiguration section */

/* Begin XCConfigurationList section */
		4B133EE62D7B14F200DB8FBB /* Build configuration list for PBXProject "AppTrackerHabits" */ = {
			isa = XCConfigurationList;
			buildConfigurations = (
				4B133F0F2D7B14F500DB8FBB /* Debug */,
				4B133F102D7B14F500DB8FBB /* Release */,
			);
			defaultConfigurationIsVisible = 0;
			defaultConfigurationName = Release;
		};
		4B133F112D7B14F500DB8FBB /* Build configuration list for PBXNativeTarget "AppTrackerHabits" */ = {
			isa = XCConfigurationList;
			buildConfigurations = (
				4B133F122D7B14F500DB8FBB /* Debug */,
				4B133F132D7B14F500DB8FBB /* Release */,
			);
			defaultConfigurationIsVisible = 0;
			defaultConfigurationName = Release;
		};
		4B133F142D7B14F500DB8FBB /* Build configuration list for PBXNativeTarget "AppTrackerHabitsTests" */ = {
			isa = XCConfigurationList;
			buildConfigurations = (
				4B133F152D7B14F500DB8FBB /* Debug */,
				4B133F162D7B14F500DB8FBB /* Release */,
			);
			defaultConfigurationIsVisible = 0;
			defaultConfigurationName = Release;
		};
		4B133F172D7B14F500DB8FBB /* Build configuration list for PBXNativeTarget "AppTrackerHabitsUITests" */ = {
			isa = XCConfigurationList;
			buildConfigurations = (
				4B133F182D7B14F500DB8FBB /* Debug */,
				4B133F192D7B14F500DB8FBB /* Release */,
			);
			defaultConfigurationIsVisible = 0;
			defaultConfigurationName = Release;
		};
/* End XCConfigurationList section */
	};
	rootObject = 4B133EE32D7B14F200DB8FBB /* Project object */;
}
